
Microsoft Visual Studio Solution File, Format Version 12.00
# Visual Studio Version 16
VisualStudioVersion = 16.0.30413.136
MinimumVisualStudioVersion = 10.0.40219.1
Project("{FAE04EC0-301F-11D3-BF4B-00C04F79EFBC}") = "ProjectBackOffice", "ProjectBackOffice\ProjectBackOffice.csproj", "{51BA0359-DDAA-4E3A-BEBE-6AB7D3B61AF5}"
EndProject
Global
	GlobalSection(SolutionConfigurationPlatforms) = preSolution
		Debug|Any CPU = Debug|Any CPU
		Release|Any CPU = Release|Any CPU
	EndGlobalSection
	GlobalSection(ProjectConfigurationPlatforms) = postSolution
		{51BA0359-DDAA-4E3A-BEBE-6AB7D3B61AF5}.Debug|Any CPU.ActiveCfg = Debug|Any CPU
		{51BA0359-DDAA-4E3A-BEBE-6AB7D3B61AF5}.Debug|Any CPU.Build.0 = Debug|Any CPU
		{51BA0359-DDAA-4E3A-BEBE-6AB7D3B61AF5}.Release|Any CPU.ActiveCfg = Release|Any CPU
		{51BA0359-DDAA-4E3A-BEBE-6AB7D3B61AF5}.Release|Any CPU.Build.0 = Release|Any CPU
	EndGlobalSection
	GlobalSection(SolutionProperties) = preSolution
		HideSolutionNode = FALSE
	EndGlobalSection
	GlobalSection(ExtensibilityGlobals) = postSolution
		SolutionGuid = {2800E1D0-8E15-4BEA-AE28-1990BD513FA1}
	EndGlobalSection
EndGlobal
